
Microsoft Visual Studio Solution File, Format Version 12.00
# Visual Studio Version 17
VisualStudioVersion = 17.5.33516.290
MinimumVisualStudioVersion = 10.0.40219.1
Project("{FAE04EC0-301F-11D3-BF4B-00C04F79EFBC}") = "Password Generator", "Password Generator.csproj", "{6634C738-3E51-4818-8589-3C9A411031CD}"
EndProject
Global
	GlobalSection(SolutionConfigurationPlatforms) = preSolution
		Debug|Any CPU = Debug|Any CPU
		Release|Any CPU = Release|Any CPU
	EndGlobalSection
	GlobalSection(ProjectConfigurationPlatforms) = postSolution
		{6634C738-3E51-4818-8589-3C9A411031CD}.Debug|Any CPU.ActiveCfg = Debug|Any CPU
		{6634C738-3E51-4818-8589-3C9A411031CD}.Debug|Any CPU.Build.0 = Debug|Any CPU
		{6634C738-3E51-4818-8589-3C9A411031CD}.Release|Any CPU.ActiveCfg = Release|Any CPU
		{6634C738-3E51-4818-8589-3C9A411031CD}.Release|Any CPU.Build.0 = Release|Any CPU
	EndGlobalSection
	GlobalSection(SolutionProperties) = preSolution
		HideSolutionNode = FALSE
	EndGlobalSection
	GlobalSection(ExtensibilityGlobals) = postSolution
		SolutionGuid = {51B6B1CC-4D30-44F5-A372-A77291DB92CC}
	EndGlobalSection
EndGlobal
